// !$*UTF8*$!
{
	archiveVersion = 1;
	classes = {
	};
	objectVersion = 55;
	objects = {

/* Begin PBXBuildFile section */
		6731442CB3A202207F98A733 /* Pods_burcOgren.framework in Frameworks */ = {isa = PBXBuildFile; fileRef = 0F301A1F8A4C78EFC0006073 /* Pods_burcOgren.framework */; };
		DC5D38FB2A165717004DB526 /* GoogleService-Info.plist in Resources */ = {isa = PBXBuildFile; fileRef = DC5D38FA2A165717004DB526 /* GoogleService-Info.plist */; };
		DC5D39012A16D1E3004DB526 /* HomeFLow.storyboard in Resources */ = {isa = PBXBuildFile; fileRef = DC5D39002A16D1E3004DB526 /* HomeFLow.storyboard */; };
		DC5D39032A16D21E004DB526 /* HomeFlow.swift in Sources */ = {isa = PBXBuildFile; fileRef = DC5D39022A16D21E004DB526 /* HomeFlow.swift */; };
		DCA164C12A164A9500C28C9B /* AppDelegate.swift in Sources */ = {isa = PBXBuildFile; fileRef = DCA164C02A164A9500C28C9B /* AppDelegate.swift */; };
		DCA164C32A164A9500C28C9B /* SceneDelegate.swift in Sources */ = {isa = PBXBuildFile; fileRef = DCA164C22A164A9500C28C9B /* SceneDelegate.swift */; };
		DCA164C52A164A9500C28C9B /* ViewController.swift in Sources */ = {isa = PBXBuildFile; fileRef = DCA164C42A164A9500C28C9B /* ViewController.swift */; };
		DCA164C82A164A9500C28C9B /* Main.storyboard in Resources */ = {isa = PBXBuildFile; fileRef = DCA164C62A164A9500C28C9B /* Main.storyboard */; };
		DCA164CA2A164A9600C28C9B /* Assets.xcassets in Resources */ = {isa = PBXBuildFile; fileRef = DCA164C92A164A9600C28C9B /* Assets.xcassets */; };
		DCA164CD2A164A9600C28C9B /* LaunchScreen.storyboard in Resources */ = {isa = PBXBuildFile; fileRef = DCA164CB2A164A9600C28C9B /* LaunchScreen.storyboard */; };
/* End PBXBuildFile section */

/* Begin PBXFileReference section */
		07B7EA09EB24FFAAA71B506E /* Pods-burcOgren.release.xcconfig */ = {isa = PBXFileReference; includeInIndex = 1; lastKnownFileType = text.xcconfig; name = "Pods-burcOgren.release.xcconfig"; path = "Target Support Files/Pods-burcOgren/Pods-burcOgren.release.xcconfig"; sourceTree = "<group>"; };
		0F301A1F8A4C78EFC0006073 /* Pods_burcOgren.framework */ = {isa = PBXFileReference; explicitFileType = wrapper.framework; includeInIndex = 0; path = Pods_burcOgren.framework; sourceTree = BUILT_PRODUCTS_DIR; };
		DC5D38FA2A165717004DB526 /* GoogleService-Info.plist */ = {isa = PBXFileReference; fileEncoding = 4; lastKnownFileType = text.plist.xml; path = "GoogleService-Info.plist"; sourceTree = "<group>"; };
		DC5D39002A16D1E3004DB526 /* HomeFLow.storyboard */ = {isa = PBXFileReference; lastKnownFileType = file.storyboard; path = HomeFLow.storyboard; sourceTree = "<group>"; };
		DC5D39022A16D21E004DB526 /* HomeFlow.swift */ = {isa = PBXFileReference; lastKnownFileType = sourcecode.swift; path = HomeFlow.swift; sourceTree = "<group>"; };
		DCA164BD2A164A9500C28C9B /* burcOgren.app */ = {isa = PBXFileReference; explicitFileType = wrapper.application; includeInIndex = 0; path = burcOgren.app; sourceTree = BUILT_PRODUCTS_DIR; };
		DCA164C02A164A9500C28C9B /* AppDelegate.swift */ = {isa = PBXFileReference; lastKnownFileType = sourcecode.swift; path = AppDelegate.swift; sourceTree = "<group>"; };
		DCA164C22A164A9500C28C9B /* SceneDelegate.swift */ = {isa = PBXFileReference; lastKnownFileType = sourcecode.swift; path = SceneDelegate.swift; sourceTree = "<group>"; };
		DCA164C42A164A9500C28C9B /* ViewController.swift */ = {isa = PBXFileReference; lastKnownFileType = sourcecode.swift; path = ViewController.swift; sourceTree = "<group>"; };
		DCA164C72A164A9500C28C9B /* Base */ = {isa = PBXFileReference; lastKnownFileType = file.storyboard; name = Base; path = Base.lproj/Main.storyboard; sourceTree = "<group>"; };
		DCA164C92A164A9600C28C9B /* Assets.xcassets */ = {isa = PBXFileReference; lastKnownFileType = folder.assetcatalog; path = Assets.xcassets; sourceTree = "<group>"; };
		DCA164CC2A164A9600C28C9B /* Base */ = {isa = PBXFileReference; lastKnownFileType = file.storyboard; name = Base; path = Base.lproj/LaunchScreen.storyboard; sourceTree = "<group>"; };
		DCA164CE2A164A9600C28C9B /* Info.plist */ = {isa = PBXFileReference; lastKnownFileType = text.plist.xml; path = Info.plist; sourceTree = "<group>"; };
		E044CB2EFA6A933F19204A94 /* Pods-burcOgren.debug.xcconfig */ = {isa = PBXFileReference; includeInIndex = 1; lastKnownFileType = text.xcconfig; name = "Pods-burcOgren.debug.xcconfig"; path = "Target Support Files/Pods-burcOgren/Pods-burcOgren.debug.xcconfig"; sourceTree = "<group>"; };
/* End PBXFileReference section */

/* Begin PBXFrameworksBuildPhase section */
		DCA164BA2A164A9400C28C9B /* Frameworks */ = {
			isa = PBXFrameworksBuildPhase;
			buildActionMask = 2147483647;
			files = (
				6731442CB3A202207F98A733 /* Pods_burcOgren.framework in Frameworks */,
			);
			runOnlyForDeploymentPostprocessing = 0;
		};
/* End PBXFrameworksBuildPhase section */

/* Begin PBXGroup section */
		60C0734C0C44511998331BD3 /* Pods */ = {
			isa = PBXGroup;
			children = (
				E044CB2EFA6A933F19204A94 /* Pods-burcOgren.debug.xcconfig */,
				07B7EA09EB24FFAAA71B506E /* Pods-burcOgren.release.xcconfig */,
			);
			path = Pods;
			sourceTree = "<group>";
		};
		80A49EC19BE8C33067D06A7B /* Frameworks */ = {
			isa = PBXGroup;
			children = (
				0F301A1F8A4C78EFC0006073 /* Pods_burcOgren.framework */,
			);
			name = Frameworks;
			sourceTree = "<group>";
		};
		DC5D38FC2A16D15A004DB526 /* UI */ = {
			isa = PBXGroup;
			children = (
				DC5D38FD2A16D166004DB526 /* LogIn */,
				DC5D38FE2A16D187004DB526 /* Home Flow */,
			);
			path = UI;
			sourceTree = "<group>";
		};
		DC5D38FD2A16D166004DB526 /* LogIn */ = {
			isa = PBXGroup;
			children = (
				DCA164C62A164A9500C28C9B /* Main.storyboard */,
				DCA164C42A164A9500C28C9B /* ViewController.swift */,
			);
			path = LogIn;
			sourceTree = "<group>";
		};
		DC5D38FE2A16D187004DB526 /* Home Flow */ = {
			isa = PBXGroup;
			children = (
				DC5D39002A16D1E3004DB526 /* HomeFLow.storyboard */,
				DC5D39022A16D21E004DB526 /* HomeFlow.swift */,
			);
			path = "Home Flow";
			sourceTree = "<group>";
		};
		DC5D38FF2A16D193004DB526 /* Other */ = {
			isa = PBXGroup;
			children = (
				DCA164C02A164A9500C28C9B /* AppDelegate.swift */,
				DCA164C22A164A9500C28C9B /* SceneDelegate.swift */,
				DCA164C92A164A9600C28C9B /* Assets.xcassets */,
				DCA164CB2A164A9600C28C9B /* LaunchScreen.storyboard */,
			);
			path = Other;
			sourceTree = "<group>";
		};
		DC5D39042A16D288004DB526 /* Router */ = {
			isa = PBXGroup;
			children = (
			);
			path = Router;
			sourceTree = "<group>";
		};
		DCA164B42A164A9400C28C9B = {
			isa = PBXGroup;
			children = (
				DCA164BF2A164A9500C28C9B /* burcOgren */,
				DCA164BE2A164A9500C28C9B /* Products */,
				60C0734C0C44511998331BD3 /* Pods */,
				80A49EC19BE8C33067D06A7B /* Frameworks */,
			);
			sourceTree = "<group>";
		};
		DCA164BE2A164A9500C28C9B /* Products */ = {
			isa = PBXGroup;
			children = (
				DCA164BD2A164A9500C28C9B /* burcOgren.app */,
			);
			name = Products;
			sourceTree = "<group>";
		};
		DCA164BF2A164A9500C28C9B /* burcOgren */ = {
			isa = PBXGroup;
			children = (
				DC5D39042A16D288004DB526 /* Router */,
				DC5D38FC2A16D15A004DB526 /* UI */,
				DC5D38FF2A16D193004DB526 /* Other */,
				DC5D38FA2A165717004DB526 /* GoogleService-Info.plist */,
				DCA164CE2A164A9600C28C9B /* Info.plist */,
			);
			path = burcOgren;
			sourceTree = "<group>";
		};
/* End PBXGroup section */

/* Begin PBXNativeTarget section */
		DCA164BC2A164A9400C28C9B /* burcOgren */ = {
			isa = PBXNativeTarget;
			buildConfigurationList = DCA164D12A164A9600C28C9B /* Build configuration list for PBXNativeTarget "burcOgren" */;
			buildPhases = (
				B29A307746581E619E0E804E /* [CP] Check Pods Manifest.lock */,
				DCA164B92A164A9400C28C9B /* Sources */,
				DCA164BA2A164A9400C28C9B /* Frameworks */,
				DCA164BB2A164A9400C28C9B /* Resources */,
				D3C60909E035480042F96280 /* [CP] Embed Pods Frameworks */,
			);
			buildRules = (
			);
			dependencies = (
			);
			name = burcOgren;
			productName = burcOgren;
			productReference = DCA164BD2A164A9500C28C9B /* burcOgren.app */;
			productType = "com.apple.product-type.application";
		};
/* End PBXNativeTarget section */

/* Begin PBXProject section */
		DCA164B52A164A9400C28C9B /* Project object */ = {
			isa = PBXProject;
			attributes = {
				BuildIndependentTargetsInParallel = 1;
				LastSwiftUpdateCheck = 1410;
				LastUpgradeCheck = 1410;
				TargetAttributes = {
					DCA164BC2A164A9400C28C9B = {
						CreatedOnToolsVersion = 14.1;
					};
				};
			};
			buildConfigurationList = DCA164B82A164A9400C28C9B /* Build configuration list for PBXProject "burcOgren" */;
			compatibilityVersion = "Xcode 13.0";
			developmentRegion = en;
			hasScannedForEncodings = 0;
			knownRegions = (
				en,
				Base,
			);
			mainGroup = DCA164B42A164A9400C28C9B;
			productRefGroup = DCA164BE2A164A9500C28C9B /* Products */;
			projectDirPath = "";
			projectRoot = "";
			targets = (
				DCA164BC2A164A9400C28C9B /* burcOgren */,
			);
		};
/* End PBXProject section */

/* Begin PBXResourcesBuildPhase section */
		DCA164BB2A164A9400C28C9B /* Resources */ = {
			isa = PBXResourcesBuildPhase;
			buildActionMask = 2147483647;
			files = (
				DC5D39012A16D1E3004DB526 /* HomeFLow.storyboard in Resources */,
				DCA164CD2A164A9600C28C9B /* LaunchScreen.storyboard in Resources */,
				DC5D38FB2A165717004DB526 /* GoogleService-Info.plist in Resources */,
				DCA164CA2A164A9600C28C9B /* Assets.xcassets in Resources */,
				DCA164C82A164A9500C28C9B /* Main.storyboard in Resources */,
			);
			runOnlyForDeploymentPostprocessing = 0;
		};
/* End PBXResourcesBuildPhase section */

/* Begin PBXShellScriptBuildPhase section */
		B29A307746581E619E0E804E /* [CP] Check Pods Manifest.lock */ = {
			isa = PBXShellScriptBuildPhase;
			buildActionMask = 2147483647;
			files = (
			);
			inputFileListPaths = (
			);
			inputPaths = (
				"${PODS_PODFILE_DIR_PATH}/Podfile.lock",
				"${PODS_ROOT}/Manifest.lock",
			);
			name = "[CP] Check Pods Manifest.lock";
			outputFileListPaths = (
			);
			outputPaths = (
				"$(DERIVED_FILE_DIR)/Pods-burcOgren-checkManifestLockResult.txt",
			);
			runOnlyForDeploymentPostprocessing = 0;
			shellPath = /bin/sh;
			shellScript = "diff \"${PODS_PODFILE_DIR_PATH}/Podfile.lock\" \"${PODS_ROOT}/Manifest.lock\" > /dev/null\nif [ $? != 0 ] ; then\n    # print error to STDERR\n    echo \"error: The sandbox is not in sync with the Podfile.lock. Run 'pod install' or update your CocoaPods installation.\" >&2\n    exit 1\nfi\n# This output is used by Xcode 'outputs' to avoid re-running this script phase.\necho \"SUCCESS\" > \"${SCRIPT_OUTPUT_FILE_0}\"\n";
			showEnvVarsInLog = 0;
		};
		D3C60909E035480042F96280 /* [CP] Embed Pods Frameworks */ = {
			isa = PBXShellScriptBuildPhase;
			buildActionMask = 2147483647;
			files = (
			);
			inputFileListPaths = (
				"${PODS_ROOT}/Target Support Files/Pods-burcOgren/Pods-burcOgren-frameworks-${CONFIGURATION}-input-files.xcfilelist",
			);
			name = "[CP] Embed Pods Frameworks";
			outputFileListPaths = (
				"${PODS_ROOT}/Target Support Files/Pods-burcOgren/Pods-burcOgren-frameworks-${CONFIGURATION}-output-files.xcfilelist",
			);
			runOnlyForDeploymentPostprocessing = 0;
			shellPath = /bin/sh;
			shellScript = "\"${PODS_ROOT}/Target Support Files/Pods-burcOgren/Pods-burcOgren-frameworks.sh\"\n";
			showEnvVarsInLog = 0;
		};
/* End PBXShellScriptBuildPhase section */

/* Begin PBXSourcesBuildPhase section */
		DCA164B92A164A9400C28C9B /* Sources */ = {
			isa = PBXSourcesBuildPhase;
			buildActionMask = 2147483647;
			files = (
				DCA164C52A164A9500C28C9B /* ViewController.swift in Sources */,
				DCA164C12A164A9500C28C9B /* AppDelegate.swift in Sources */,
				DC5D39032A16D21E004DB526 /* HomeFlow.swift in Sources */,
				DCA164C32A164A9500C28C9B /* SceneDelegate.swift in Sources */,
			);
			runOnlyForDeploymentPostprocessing = 0;
		};
/* End PBXSourcesBuildPhase section */

/* Begin PBXVariantGroup section */
		DCA164C62A164A9500C28C9B /* Main.storyboard */ = {
			isa = PBXVariantGroup;
			children = (
				DCA164C72A164A9500C28C9B /* Base */,
			);
			name = Main.storyboard;
			sourceTree = "<group>";
		};
		DCA164CB2A164A9600C28C9B /* LaunchScreen.storyboard */ = {
			isa = PBXVariantGroup;
			children = (
				DCA164CC2A164A9600C28C9B /* Base */,
			);
			name = LaunchScreen.storyboard;
			sourceTree = "<group>";
		};
/* End PBXVariantGroup section */

/* Begin XCBuildConfiguration section */
		DCA164CF2A164A9600C28C9B /* Debug */ = {
			isa = XCBuildConfiguration;
			buildSettings = {
				ALWAYS_SEARCH_USER_PATHS = NO;
				CLANG_ANALYZER_NONNULL = YES;
				CLANG_ANALYZER_NUMBER_OBJECT_CONVERSION = YES_AGGRESSIVE;
				CLANG_CXX_LANGUAGE_STANDARD = "gnu++20";
				CLANG_ENABLE_MODULES = YES;
				CLANG_ENABLE_OBJC_ARC = YES;
				CLANG_ENABLE_OBJC_WEAK = YES;
				CLANG_WARN_BLOCK_CAPTURE_AUTORELEASING = YES;
				CLANG_WARN_BOOL_CONVERSION = YES;
				CLANG_WARN_COMMA = YES;
				CLANG_WARN_CONSTANT_CONVERSION = YES;
				CLANG_WARN_DEPRECATED_OBJC_IMPLEMENTATIONS = YES;
				CLANG_WARN_DIRECT_OBJC_ISA_USAGE = YES_ERROR;
				CLANG_WARN_DOCUMENTATION_COMMENTS = YES;
				CLANG_WARN_EMPTY_BODY = YES;
				CLANG_WARN_ENUM_CONVERSION = YES;
				CLANG_WARN_INFINITE_RECURSION = YES;
				CLANG_WARN_INT_CONVERSION = YES;
				CLANG_WARN_NON_LITERAL_NULL_CONVERSION = YES;
				CLANG_WARN_OBJC_IMPLICIT_RETAIN_SELF = YES;
				CLANG_WARN_OBJC_LITERAL_CONVERSION = YES;
				CLANG_WARN_OBJC_ROOT_CLASS = YES_ERROR;
				CLANG_WARN_QUOTED_INCLUDE_IN_FRAMEWORK_HEADER = YES;
				CLANG_WARN_RANGE_LOOP_ANALYSIS = YES;
				CLANG_WARN_STRICT_PROTOTYPES = YES;
				CLANG_WARN_SUSPICIOUS_MOVE = YES;
				CLANG_WARN_UNGUARDED_AVAILABILITY = YES_AGGRESSIVE;
				CLANG_WARN_UNREACHABLE_CODE = YES;
				CLANG_WARN__DUPLICATE_METHOD_MATCH = YES;
				COPY_PHASE_STRIP = NO;
				DEBUG_INFORMATION_FORMAT = dwarf;
				ENABLE_STRICT_OBJC_MSGSEND = YES;
				ENABLE_TESTABILITY = YES;
				GCC_C_LANGUAGE_STANDARD = gnu11;
				GCC_DYNAMIC_NO_PIC = NO;
				GCC_NO_COMMON_BLOCKS = YES;
				GCC_OPTIMIZATION_LEVEL = 0;
				GCC_PREPROCESSOR_DEFINITIONS = (
					"DEBUG=1",
					"$(inherited)",
				);
				GCC_WARN_64_TO_32_BIT_CONVERSION = YES;
				GCC_WARN_ABOUT_RETURN_TYPE = YES_ERROR;
				GCC_WARN_UNDECLARED_SELECTOR = YES;
				GCC_WARN_UNINITIALIZED_AUTOS = YES_AGGRESSIVE;
				GCC_WARN_UNUSED_FUNCTION = YES;
				GCC_WARN_UNUSED_VARIABLE = YES;
				IPHONEOS_DEPLOYMENT_TARGET = 16.1;
				MTL_ENABLE_DEBUG_INFO = INCLUDE_SOURCE;
				MTL_FAST_MATH = YES;
				ONLY_ACTIVE_ARCH = YES;
				SDKROOT = iphoneos;
				SWIFT_ACTIVE_COMPILATION_CONDITIONS = DEBUG;
				SWIFT_OPTIMIZATION_LEVEL = "-Onone";
			};
			name = Debug;
		};
		DCA164D02A164A9600C28C9B /* Release */ = {
			isa = XCBuildConfiguration;
			buildSettings = {
				ALWAYS_SEARCH_USER_PATHS = NO;
				CLANG_ANALYZER_NONNULL = YES;
				CLANG_ANALYZER_NUMBER_OBJECT_CONVERSION = YES_AGGRESSIVE;
				CLANG_CXX_LANGUAGE_STANDARD = "gnu++20";
				CLANG_ENABLE_MODULES = YES;
				CLANG_ENABLE_OBJC_ARC = YES;
				CLANG_ENABLE_OBJC_WEAK = YES;
				CLANG_WARN_BLOCK_CAPTURE_AUTORELEASING = YES;
				CLANG_WARN_BOOL_CONVERSION = YES;
				CLANG_WARN_COMMA = YES;
				CLANG_WARN_CONSTANT_CONVERSION = YES;
				CLANG_WARN_DEPRECATED_OBJC_IMPLEMENTATIONS = YES;
				CLANG_WARN_DIRECT_OBJC_ISA_USAGE = YES_ERROR;
				CLANG_WARN_DOCUMENTATION_COMMENTS = YES;
				CLANG_WARN_EMPTY_BODY = YES;
				CLANG_WARN_ENUM_CONVERSION = YES;
				CLANG_WARN_INFINITE_RECURSION = YES;
				CLANG_WARN_INT_CONVERSION = YES;
				CLANG_WARN_NON_LITERAL_NULL_CONVERSION = YES;
				CLANG_WARN_OBJC_IMPLICIT_RETAIN_SELF = YES;
				CLANG_WARN_OBJC_LITERAL_CONVERSION = YES;
				CLANG_WARN_OBJC_ROOT_CLASS = YES_ERROR;
				CLANG_WARN_QUOTED_INCLUDE_IN_FRAMEWORK_HEADER = YES;
				CLANG_WARN_RANGE_LOOP_ANALYSIS = YES;
				CLANG_WARN_STRICT_PROTOTYPES = YES;
				CLANG_WARN_SUSPICIOUS_MOVE = YES;
				CLANG_WARN_UNGUARDED_AVAILABILITY = YES_AGGRESSIVE;
				CLANG_WARN_UNREACHABLE_CODE = YES;
				CLANG_WARN__DUPLICATE_METHOD_MATCH = YES;
				COPY_PHASE_STRIP = NO;
				DEBUG_INFORMATION_FORMAT = "dwarf-with-dsym";
				ENABLE_NS_ASSERTIONS = NO;
				ENABLE_STRICT_OBJC_MSGSEND = YES;
				GCC_C_LANGUAGE_STANDARD = gnu11;
				GCC_NO_COMMON_BLOCKS = YES;
				GCC_WARN_64_TO_32_BIT_CONVERSION = YES;
				GCC_WARN_ABOUT_RETURN_TYPE = YES_ERROR;
				GCC_WARN_UNDECLARED_SELECTOR = YES;
				GCC_WARN_UNINITIALIZED_AUTOS = YES_AGGRESSIVE;
				GCC_WARN_UNUSED_FUNCTION = YES;
				GCC_WARN_UNUSED_VARIABLE = YES;
				IPHONEOS_DEPLOYMENT_TARGET = 16.1;
				MTL_ENABLE_DEBUG_INFO = NO;
				MTL_FAST_MATH = YES;
				SDKROOT = iphoneos;
				SWIFT_COMPILATION_MODE = wholemodule;
				SWIFT_OPTIMIZATION_LEVEL = "-O";
				VALIDATE_PRODUCT = YES;
			};
			name = Release;
		};
		DCA164D22A164A9600C28C9B /* Debug */ = {
			isa = XCBuildConfiguration;
			baseConfigurationReference = E044CB2EFA6A933F19204A94 /* Pods-burcOgren.debug.xcconfig */;
			buildSettings = {
				ASSETCATALOG_COMPILER_APPICON_NAME = AppIcon;
				ASSETCATALOG_COMPILER_GLOBAL_ACCENT_COLOR_NAME = AccentColor;
				CODE_SIGN_STYLE = Automatic;
				CURRENT_PROJECT_VERSION = 1;
				DEVELOPMENT_TEAM = NVN42XWXC5;
				GENERATE_INFOPLIST_FILE = YES;
				INFOPLIST_FILE = burcOgren/Info.plist;
				INFOPLIST_KEY_UIApplicationSupportsIndirectInputEvents = YES;
				INFOPLIST_KEY_UILaunchStoryboardName = LaunchScreen;
				INFOPLIST_KEY_UIMainStoryboardFile = Main;
				INFOPLIST_KEY_UISupportedInterfaceOrientations_iPad = "UIInterfaceOrientationPortrait UIInterfaceOrientationPortraitUpsideDown UIInterfaceOrientationLandscapeLeft UIInterfaceOrientationLandscapeRight";
				INFOPLIST_KEY_UISupportedInterfaceOrientations_iPhone = "UIInterfaceOrientationPortrait UIInterfaceOrientationLandscapeLeft UIInterfaceOrientationLandscapeRight";
				LD_RUNPATH_SEARCH_PATHS = (
					"$(inherited)",
					"@executable_path/Frameworks",
				);
				MARKETING_VERSION = 1.0;
				PRODUCT_BUNDLE_IDENTIFIER = com.furkanerzurumlu.burcOgren;
				PRODUCT_NAME = "$(TARGET_NAME)";
				SWIFT_EMIT_LOC_STRINGS = YES;
				SWIFT_VERSION = 5.0;
				TARGETED_DEVICE_FAMILY = "1,2";
			};
			name = Debug;
		};
		DCA164D32A164A9600C28C9B /* Release */ = {
			isa = XCBuildConfiguration;
			baseConfigurationReference = 07B7EA09EB24FFAAA71B506E /* Pods-burcOgren.release.xcconfig */;
			buildSettings = {
				ASSETCATALOG_COMPILER_APPICON_NAME = AppIcon;
				ASSETCATALOG_COMPILER_GLOBAL_ACCENT_COLOR_NAME = AccentColor;
				CODE_SIGN_STYLE = Automatic;
				CURRENT_PROJECT_VERSION = 1;
				DEVELOPMENT_TEAM = NVN42XWXC5;
				GENERATE_INFOPLIST_FILE = YES;
				INFOPLIST_FILE = burcOgren/Info.plist;
				INFOPLIST_KEY_UIApplicationSupportsIndirectInputEvents = YES;
				INFOPLIST_KEY_UILaunchStoryboardName = LaunchScreen;
				INFOPLIST_KEY_UIMainStoryboardFile = Main;
				INFOPLIST_KEY_UISupportedInterfaceOrientations_iPad = "UIInterfaceOrientationPortrait UIInterfaceOrientationPortraitUpsideDown UIInterfaceOrientationLandscapeLeft UIInterfaceOrientationLandscapeRight";
				INFOPLIST_KEY_UISupportedInterfaceOrientations_iPhone = "UIInterfaceOrientationPortrait UIInterfaceOrientationLandscapeLeft UIInterfaceOrientationLandscapeRight";
				LD_RUNPATH_SEARCH_PATHS = (
					"$(inherited)",
					"@executable_path/Frameworks",
				);
				MARKETING_VERSION = 1.0;
				PRODUCT_BUNDLE_IDENTIFIER = com.furkanerzurumlu.burcOgren;
				PRODUCT_NAME = "$(TARGET_NAME)";
				SWIFT_EMIT_LOC_STRINGS = YES;
				SWIFT_VERSION = 5.0;
				TARGETED_DEVICE_FAMILY = "1,2";
			};
			name = Release;
		};
/* End XCBuildConfiguration section */

/* Begin XCConfigurationList section */
		DCA164B82A164A9400C28C9B /* Build configuration list for PBXProject "burcOgren" */ = {
			isa = XCConfigurationList;
			buildConfigurations = (
				DCA164CF2A164A9600C28C9B /* Debug */,
				DCA164D02A164A9600C28C9B /* Release */,
			);
			defaultConfigurationIsVisible = 0;
			defaultConfigurationName = Release;
		};
		DCA164D12A164A9600C28C9B /* Build configuration list for PBXNativeTarget "burcOgren" */ = {
			isa = XCConfigurationList;
			buildConfigurations = (
				DCA164D22A164A9600C28C9B /* Debug */,
				DCA164D32A164A9600C28C9B /* Release */,
			);
			defaultConfigurationIsVisible = 0;
			defaultConfigurationName = Release;
		};
/* End XCConfigurationList section */
	};
	rootObject = DCA164B52A164A9400C28C9B /* Project object */;
}
